// !$*UTF8*$!
{
	archiveVersion = 1;
	classes = {
	};
	objectVersion = 50;
	objects = {

/* Begin PBXBuildFile section */
		C95D43582649A6550002A469 /* AppDelegate.swift in Sources */ = {isa = PBXBuildFile; fileRef = C95D43572649A6550002A469 /* AppDelegate.swift */; };
		C95D435A2649A6550002A469 /* SceneDelegate.swift in Sources */ = {isa = PBXBuildFile; fileRef = C95D43592649A6550002A469 /* SceneDelegate.swift */; };
		C95D435C2649A6550002A469 /* ViewController.swift in Sources */ = {isa = PBXBuildFile; fileRef = C95D435B2649A6550002A469 /* ViewController.swift */; };
		C95D435F2649A6550002A469 /* Main.storyboard in Resources */ = {isa = PBXBuildFile; fileRef = C95D435D2649A6550002A469 /* Main.storyboard */; };
		C95D43612649A6590002A469 /* Assets.xcassets in Resources */ = {isa = PBXBuildFile; fileRef = C95D43602649A6590002A469 /* Assets.xcassets */; };
		C95D43642649A6590002A469 /* LaunchScreen.storyboard in Resources */ = {isa = PBXBuildFile; fileRef = C95D43622649A6590002A469 /* LaunchScreen.storyboard */; };
		C95D436F2649A65B0002A469 /* CalculatorTests.swift in Sources */ = {isa = PBXBuildFile; fileRef = C95D436E2649A65B0002A469 /* CalculatorTests.swift */; };
		C95D437A2649A65B0002A469 /* CalculatorUITests.swift in Sources */ = {isa = PBXBuildFile; fileRef = C95D43792649A65B0002A469 /* CalculatorUITests.swift */; };
		C95D438B2649BD810002A469 /* CalculatorLogic.swift in Sources */ = {isa = PBXBuildFile; fileRef = C95D438A2649BD810002A469 /* CalculatorLogic.swift */; };
/* End PBXBuildFile section */

/* Begin PBXContainerItemProxy section */
		C95D436B2649A65B0002A469 /* PBXContainerItemProxy */ = {
			isa = PBXContainerItemProxy;
			containerPortal = C95D434C2649A6540002A469 /* Project object */;
			proxyType = 1;
			remoteGlobalIDString = C95D43532649A6550002A469;
			remoteInfo = Calculator;
		};
		C95D43762649A65B0002A469 /* PBXContainerItemProxy */ = {
			isa = PBXContainerItemProxy;
			containerPortal = C95D434C2649A6540002A469 /* Project object */;
			proxyType = 1;
			remoteGlobalIDString = C95D43532649A6550002A469;
			remoteInfo = Calculator;
		};
/* End PBXContainerItemProxy section */

/* Begin PBXFileReference section */
		C95D43542649A6550002A469 /* Calculator.app */ = {isa = PBXFileReference; explicitFileType = wrapper.application; includeInIndex = 0; path = Calculator.app; sourceTree = BUILT_PRODUCTS_DIR; };
		C95D43572649A6550002A469 /* AppDelegate.swift */ = {isa = PBXFileReference; lastKnownFileType = sourcecode.swift; path = AppDelegate.swift; sourceTree = "<group>"; };
		C95D43592649A6550002A469 /* SceneDelegate.swift */ = {isa = PBXFileReference; lastKnownFileType = sourcecode.swift; path = SceneDelegate.swift; sourceTree = "<group>"; };
		C95D435B2649A6550002A469 /* ViewController.swift */ = {isa = PBXFileReference; lastKnownFileType = sourcecode.swift; path = ViewController.swift; sourceTree = "<group>"; };
		C95D435E2649A6550002A469 /* Base */ = {isa = PBXFileReference; lastKnownFileType = file.storyboard; name = Base; path = Base.lproj/Main.storyboard; sourceTree = "<group>"; };
		C95D43602649A6590002A469 /* Assets.xcassets */ = {isa = PBXFileReference; lastKnownFileType = folder.assetcatalog; path = Assets.xcassets; sourceTree = "<group>"; };
		C95D43632649A6590002A469 /* Base */ = {isa = PBXFileReference; lastKnownFileType = file.storyboard; name = Base; path = Base.lproj/LaunchScreen.storyboard; sourceTree = "<group>"; };
		C95D43652649A6590002A469 /* Info.plist */ = {isa = PBXFileReference; lastKnownFileType = text.plist.xml; path = Info.plist; sourceTree = "<group>"; };
		C95D436A2649A65B0002A469 /* CalculatorTests.xctest */ = {isa = PBXFileReference; explicitFileType = wrapper.cfbundle; includeInIndex = 0; path = CalculatorTests.xctest; sourceTree = BUILT_PRODUCTS_DIR; };
		C95D436E2649A65B0002A469 /* CalculatorTests.swift */ = {isa = PBXFileReference; lastKnownFileType = sourcecode.swift; path = CalculatorTests.swift; sourceTree = "<group>"; };
		C95D43702649A65B0002A469 /* Info.plist */ = {isa = PBXFileReference; lastKnownFileType = text.plist.xml; path = Info.plist; sourceTree = "<group>"; };
		C95D43752649A65B0002A469 /* CalculatorUITests.xctest */ = {isa = PBXFileReference; explicitFileType = wrapper.cfbundle; includeInIndex = 0; path = CalculatorUITests.xctest; sourceTree = BUILT_PRODUCTS_DIR; };
		C95D43792649A65B0002A469 /* CalculatorUITests.swift */ = {isa = PBXFileReference; lastKnownFileType = sourcecode.swift; path = CalculatorUITests.swift; sourceTree = "<group>"; };
		C95D437B2649A65B0002A469 /* Info.plist */ = {isa = PBXFileReference; lastKnownFileType = text.plist.xml; path = Info.plist; sourceTree = "<group>"; };
		C95D438A2649BD810002A469 /* CalculatorLogic.swift */ = {isa = PBXFileReference; lastKnownFileType = sourcecode.swift; path = CalculatorLogic.swift; sourceTree = "<group>"; };
/* End PBXFileReference section */

/* Begin PBXFrameworksBuildPhase section */
		C95D43512649A6550002A469 /* Frameworks */ = {
			isa = PBXFrameworksBuildPhase;
			buildActionMask = 2147483647;
			files = (
			);
			runOnlyForDeploymentPostprocessing = 0;
		};
		C95D43672649A65B0002A469 /* Frameworks */ = {
			isa = PBXFrameworksBuildPhase;
			buildActionMask = 2147483647;
			files = (
			);
			runOnlyForDeploymentPostprocessing = 0;
		};
		C95D43722649A65B0002A469 /* Frameworks */ = {
			isa = PBXFrameworksBuildPhase;
			buildActionMask = 2147483647;
			files = (
			);
			runOnlyForDeploymentPostprocessing = 0;
		};
/* End PBXFrameworksBuildPhase section */

/* Begin PBXGroup section */
		C95D434B2649A6540002A469 = {
			isa = PBXGroup;
			children = (
				C95D43562649A6550002A469 /* Calculator */,
				C95D436D2649A65B0002A469 /* CalculatorTests */,
				C95D43782649A65B0002A469 /* CalculatorUITests */,
				C95D43552649A6550002A469 /* Products */,
			);
			sourceTree = "<group>";
		};
		C95D43552649A6550002A469 /* Products */ = {
			isa = PBXGroup;
			children = (
				C95D43542649A6550002A469 /* Calculator.app */,
				C95D436A2649A65B0002A469 /* CalculatorTests.xctest */,
				C95D43752649A65B0002A469 /* CalculatorUITests.xctest */,
			);
			name = Products;
			sourceTree = "<group>";
		};
		C95D43562649A6550002A469 /* Calculator */ = {
			isa = PBXGroup;
			children = (
				C95D43912649CBE60002A469 /* Model */,
				C95D43902649CBE20002A469 /* View */,
				C95D438F2649CBDA0002A469 /* Controller */,
				C95D43572649A6550002A469 /* AppDelegate.swift */,
				C95D43592649A6550002A469 /* SceneDelegate.swift */,
				C95D43602649A6590002A469 /* Assets.xcassets */,
				C95D43652649A6590002A469 /* Info.plist */,
			);
			path = Calculator;
			sourceTree = "<group>";
		};
		C95D436D2649A65B0002A469 /* CalculatorTests */ = {
			isa = PBXGroup;
			children = (
				C95D436E2649A65B0002A469 /* CalculatorTests.swift */,
				C95D43702649A65B0002A469 /* Info.plist */,
			);
			path = CalculatorTests;
			sourceTree = "<group>";
		};
		C95D43782649A65B0002A469 /* CalculatorUITests */ = {
			isa = PBXGroup;
			children = (
				C95D43792649A65B0002A469 /* CalculatorUITests.swift */,
				C95D437B2649A65B0002A469 /* Info.plist */,
			);
			path = CalculatorUITests;
			sourceTree = "<group>";
		};
		C95D438F2649CBDA0002A469 /* Controller */ = {
			isa = PBXGroup;
			children = (
				C95D435B2649A6550002A469 /* ViewController.swift */,
			);
			path = Controller;
			sourceTree = "<group>";
		};
		C95D43902649CBE20002A469 /* View */ = {
			isa = PBXGroup;
			children = (
				C95D435D2649A6550002A469 /* Main.storyboard */,
				C95D43622649A6590002A469 /* LaunchScreen.storyboard */,
			);
			path = View;
			sourceTree = "<group>";
		};
		C95D43912649CBE60002A469 /* Model */ = {
			isa = PBXGroup;
			children = (
				C95D438A2649BD810002A469 /* CalculatorLogic.swift */,
			);
			path = Model;
			sourceTree = "<group>";
		};
/* End PBXGroup section */

/* Begin PBXNativeTarget section */
		C95D43532649A6550002A469 /* Calculator */ = {
			isa = PBXNativeTarget;
			buildConfigurationList = C95D437E2649A65B0002A469 /* Build configuration list for PBXNativeTarget "Calculator" */;
			buildPhases = (
				C95D43502649A6550002A469 /* Sources */,
				C95D43512649A6550002A469 /* Frameworks */,
				C95D43522649A6550002A469 /* Resources */,
			);
			buildRules = (
			);
			dependencies = (
			);
			name = Calculator;
			productName = Calculator;
			productReference = C95D43542649A6550002A469 /* Calculator.app */;
			productType = "com.apple.product-type.application";
		};
		C95D43692649A65B0002A469 /* CalculatorTests */ = {
			isa = PBXNativeTarget;
			buildConfigurationList = C95D43812649A65B0002A469 /* Build configuration list for PBXNativeTarget "CalculatorTests" */;
			buildPhases = (
				C95D43662649A65B0002A469 /* Sources */,
				C95D43672649A65B0002A469 /* Frameworks */,
				C95D43682649A65B0002A469 /* Resources */,
			);
			buildRules = (
			);
			dependencies = (
				C95D436C2649A65B0002A469 /* PBXTargetDependency */,
			);
			name = CalculatorTests;
			productName = CalculatorTests;
			productReference = C95D436A2649A65B0002A469 /* CalculatorTests.xctest */;
			productType = "com.apple.product-type.bundle.unit-test";
		};
		C95D43742649A65B0002A469 /* CalculatorUITests */ = {
			isa = PBXNativeTarget;
			buildConfigurationList = C95D43842649A65B0002A469 /* Build configuration list for PBXNativeTarget "CalculatorUITests" */;
			buildPhases = (
				C95D43712649A65B0002A469 /* Sources */,
				C95D43722649A65B0002A469 /* Frameworks */,
				C95D43732649A65B0002A469 /* Resources */,
			);
			buildRules = (
			);
			dependencies = (
				C95D43772649A65B0002A469 /* PBXTargetDependency */,
			);
			name = CalculatorUITests;
			productName = CalculatorUITests;
			productReference = C95D43752649A65B0002A469 /* CalculatorUITests.xctest */;
			productType = "com.apple.product-type.bundle.ui-testing";
		};
/* End PBXNativeTarget section */

/* Begin PBXProject section */
		C95D434C2649A6540002A469 /* Project object */ = {
			isa = PBXProject;
			attributes = {
				LastSwiftUpdateCheck = 1240;
				LastUpgradeCheck = 1240;
				TargetAttributes = {
					C95D43532649A6550002A469 = {
						CreatedOnToolsVersion = 12.4;
					};
					C95D43692649A65B0002A469 = {
						CreatedOnToolsVersion = 12.4;
						TestTargetID = C95D43532649A6550002A469;
					};
					C95D43742649A65B0002A469 = {
						CreatedOnToolsVersion = 12.4;
						TestTargetID = C95D43532649A6550002A469;
					};
				};
			};
			buildConfigurationList = C95D434F2649A6540002A469 /* Build configuration list for PBXProject "Calculator" */;
			compatibilityVersion = "Xcode 9.3";
			developmentRegion = en;
			hasScannedForEncodings = 0;
			knownRegions = (
				en,
				Base,
			);
			mainGroup = C95D434B2649A6540002A469;
			productRefGroup = C95D43552649A6550002A469 /* Products */;
			projectDirPath = "";
			projectRoot = "";
			targets = (
				C95D43532649A6550002A469 /* Calculator */,
				C95D43692649A65B0002A469 /* CalculatorTests */,
				C95D43742649A65B0002A469 /* CalculatorUITests */,
			);
		};
/* End PBXProject section */

/* Begin PBXResourcesBuildPhase section */
		C95D43522649A6550002A469 /* Resources */ = {
			isa = PBXResourcesBuildPhase;
			buildActionMask = 2147483647;
			files = (
				C95D43642649A6590002A469 /* LaunchScreen.storyboard in Resources */,
				C95D43612649A6590002A469 /* Assets.xcassets in Resources */,
				C95D435F2649A6550002A469 /* Main.storyboard in Resources */,
			);
			runOnlyForDeploymentPostprocessing = 0;
		};
		C95D43682649A65B0002A469 /* Resources */ = {
			isa = PBXResourcesBuildPhase;
			buildActionMask = 2147483647;
			files = (
			);
			runOnlyForDeploymentPostprocessing = 0;
		};
		C95D43732649A65B0002A469 /* Resources */ = {
			isa = PBXResourcesBuildPhase;
			buildActionMask = 2147483647;
			files = (
			);
			runOnlyForDeploymentPostprocessing = 0;
		};
/* End PBXResourcesBuildPhase section */

/* Begin PBXSourcesBuildPhase section */
		C95D43502649A6550002A469 /* Sources */ = {
			isa = PBXSourcesBuildPhase;
			buildActionMask = 2147483647;
			files = (
				C95D438B2649BD810002A469 /* CalculatorLogic.swift in Sources */,
				C95D435C2649A6550002A469 /* ViewController.swift in Sources */,
				C95D43582649A6550002A469 /* AppDelegate.swift in Sources */,
				C95D435A2649A6550002A469 /* SceneDelegate.swift in Sources */,
			);
			runOnlyForDeploymentPostprocessing = 0;
		};
		C95D43662649A65B0002A469 /* Sources */ = {
			isa = PBXSourcesBuildPhase;
			buildActionMask = 2147483647;
			files = (
				C95D436F2649A65B0002A469 /* CalculatorTests.swift in Sources */,
			);
			runOnlyForDeploymentPostprocessing = 0;
		};
		C95D43712649A65B0002A469 /* Sources */ = {
			isa = PBXSourcesBuildPhase;
			buildActionMask = 2147483647;
			files = (
				C95D437A2649A65B0002A469 /* CalculatorUITests.swift in Sources */,
			);
			runOnlyForDeploymentPostprocessing = 0;
		};
/* End PBXSourcesBuildPhase section */

/* Begin PBXTargetDependency section */
		C95D436C2649A65B0002A469 /* PBXTargetDependency */ = {
			isa = PBXTargetDependency;
			target = C95D43532649A6550002A469 /* Calculator */;
			targetProxy = C95D436B2649A65B0002A469 /* PBXContainerItemProxy */;
		};
		C95D43772649A65B0002A469 /* PBXTargetDependency */ = {
			isa = PBXTargetDependency;
			target = C95D43532649A6550002A469 /* Calculator */;
			targetProxy = C95D43762649A65B0002A469 /* PBXContainerItemProxy */;
		};
/* End PBXTargetDependency section */

/* Begin PBXVariantGroup section */
		C95D435D2649A6550002A469 /* Main.storyboard */ = {
			isa = PBXVariantGroup;
			children = (
				C95D435E2649A6550002A469 /* Base */,
			);
			name = Main.storyboard;
			sourceTree = "<group>";
		};
		C95D43622649A6590002A469 /* LaunchScreen.storyboard */ = {
			isa = PBXVariantGroup;
			children = (
				C95D43632649A6590002A469 /* Base */,
			);
			name = LaunchScreen.storyboard;
			sourceTree = "<group>";
		};
/* End PBXVariantGroup section */

/* Begin XCBuildConfiguration section */
		C95D437C2649A65B0002A469 /* Debug */ = {
			isa = XCBuildConfiguration;
			buildSettings = {
				ALWAYS_SEARCH_USER_PATHS = NO;
				CLANG_ANALYZER_NONNULL = YES;
				CLANG_ANALYZER_NUMBER_OBJECT_CONVERSION = YES_AGGRESSIVE;
				CLANG_CXX_LANGUAGE_STANDARD = "gnu++14";
				CLANG_CXX_LIBRARY = "libc++";
				CLANG_ENABLE_MODULES = YES;
				CLANG_ENABLE_OBJC_ARC = YES;
				CLANG_ENABLE_OBJC_WEAK = YES;
				CLANG_WARN_BLOCK_CAPTURE_AUTORELEASING = YES;
				CLANG_WARN_BOOL_CONVERSION = YES;
				CLANG_WARN_COMMA = YES;
				CLANG_WARN_CONSTANT_CONVERSION = YES;
				CLANG_WARN_DEPRECATED_OBJC_IMPLEMENTATIONS = YES;
				CLANG_WARN_DIRECT_OBJC_ISA_USAGE = YES_ERROR;
				CLANG_WARN_DOCUMENTATION_COMMENTS = YES;
				CLANG_WARN_EMPTY_BODY = YES;
				CLANG_WARN_ENUM_CONVERSION = YES;
				CLANG_WARN_INFINITE_RECURSION = YES;
				CLANG_WARN_INT_CONVERSION = YES;
				CLANG_WARN_NON_LITERAL_NULL_CONVERSION = YES;
				CLANG_WARN_OBJC_IMPLICIT_RETAIN_SELF = YES;
				CLANG_WARN_OBJC_LITERAL_CONVERSION = YES;
				CLANG_WARN_OBJC_ROOT_CLASS = YES_ERROR;
				CLANG_WARN_QUOTED_INCLUDE_IN_FRAMEWORK_HEADER = YES;
				CLANG_WARN_RANGE_LOOP_ANALYSIS = YES;
				CLANG_WARN_STRICT_PROTOTYPES = YES;
				CLANG_WARN_SUSPICIOUS_MOVE = YES;
				CLANG_WARN_UNGUARDED_AVAILABILITY = YES_AGGRESSIVE;
				CLANG_WARN_UNREACHABLE_CODE = YES;
				CLANG_WARN__DUPLICATE_METHOD_MATCH = YES;
				COPY_PHASE_STRIP = NO;
				DEBUG_INFORMATION_FORMAT = dwarf;
				ENABLE_STRICT_OBJC_MSGSEND = YES;
				ENABLE_TESTABILITY = YES;
				GCC_C_LANGUAGE_STANDARD = gnu11;
				GCC_DYNAMIC_NO_PIC = NO;
				GCC_NO_COMMON_BLOCKS = YES;
				GCC_OPTIMIZATION_LEVEL = 0;
				GCC_PREPROCESSOR_DEFINITIONS = (
					"DEBUG=1",
					"$(inherited)",
				);
				GCC_WARN_64_TO_32_BIT_CONVERSION = YES;
				GCC_WARN_ABOUT_RETURN_TYPE = YES_ERROR;
				GCC_WARN_UNDECLARED_SELECTOR = YES;
				GCC_WARN_UNINITIALIZED_AUTOS = YES_AGGRESSIVE;
				GCC_WARN_UNUSED_FUNCTION = YES;
				GCC_WARN_UNUSED_VARIABLE = YES;
				IPHONEOS_DEPLOYMENT_TARGET = 14.4;
				MTL_ENABLE_DEBUG_INFO = INCLUDE_SOURCE;
				MTL_FAST_MATH = YES;
				ONLY_ACTIVE_ARCH = YES;
				SDKROOT = iphoneos;
				SWIFT_ACTIVE_COMPILATION_CONDITIONS = DEBUG;
				SWIFT_OPTIMIZATION_LEVEL = "-Onone";
			};
			name = Debug;
		};
		C95D437D2649A65B0002A469 /* Release */ = {
			isa = XCBuildConfiguration;
			buildSettings = {
				ALWAYS_SEARCH_USER_PATHS = NO;
				CLANG_ANALYZER_NONNULL = YES;
				CLANG_ANALYZER_NUMBER_OBJECT_CONVERSION = YES_AGGRESSIVE;
				CLANG_CXX_LANGUAGE_STANDARD = "gnu++14";
				CLANG_CXX_LIBRARY = "libc++";
				CLANG_ENABLE_MODULES = YES;
				CLANG_ENABLE_OBJC_ARC = YES;
				CLANG_ENABLE_OBJC_WEAK = YES;
				CLANG_WARN_BLOCK_CAPTURE_AUTORELEASING = YES;
				CLANG_WARN_BOOL_CONVERSION = YES;
				CLANG_WARN_COMMA = YES;
				CLANG_WARN_CONSTANT_CONVERSION = YES;
				CLANG_WARN_DEPRECATED_OBJC_IMPLEMENTATIONS = YES;
				CLANG_WARN_DIRECT_OBJC_ISA_USAGE = YES_ERROR;
				CLANG_WARN_DOCUMENTATION_COMMENTS = YES;
				CLANG_WARN_EMPTY_BODY = YES;
				CLANG_WARN_ENUM_CONVERSION = YES;
				CLANG_WARN_INFINITE_RECURSION = YES;
				CLANG_WARN_INT_CONVERSION = YES;
				CLANG_WARN_NON_LITERAL_NULL_CONVERSION = YES;
				CLANG_WARN_OBJC_IMPLICIT_RETAIN_SELF = YES;
				CLANG_WARN_OBJC_LITERAL_CONVERSION = YES;
				CLANG_WARN_OBJC_ROOT_CLASS = YES_ERROR;
				CLANG_WARN_QUOTED_INCLUDE_IN_FRAMEWORK_HEADER = YES;
				CLANG_WARN_RANGE_LOOP_ANALYSIS = YES;
				CLANG_WARN_STRICT_PROTOTYPES = YES;
				CLANG_WARN_SUSPICIOUS_MOVE = YES;
				CLANG_WARN_UNGUARDED_AVAILABILITY = YES_AGGRESSIVE;
				CLANG_WARN_UNREACHABLE_CODE = YES;
				CLANG_WARN__DUPLICATE_METHOD_MATCH = YES;
				COPY_PHASE_STRIP = NO;
				DEBUG_INFORMATION_FORMAT = "dwarf-with-dsym";
				ENABLE_NS_ASSERTIONS = NO;
				ENABLE_STRICT_OBJC_MSGSEND = YES;
				GCC_C_LANGUAGE_STANDARD = gnu11;
				GCC_NO_COMMON_BLOCKS = YES;
				GCC_WARN_64_TO_32_BIT_CONVERSION = YES;
				GCC_WARN_ABOUT_RETURN_TYPE = YES_ERROR;
				GCC_WARN_UNDECLARED_SELECTOR = YES;
				GCC_WARN_UNINITIALIZED_AUTOS = YES_AGGRESSIVE;
				GCC_WARN_UNUSED_FUNCTION = YES;
				GCC_WARN_UNUSED_VARIABLE = YES;
				IPHONEOS_DEPLOYMENT_TARGET = 14.4;
				MTL_ENABLE_DEBUG_INFO = NO;
				MTL_FAST_MATH = YES;
				SDKROOT = iphoneos;
				SWIFT_COMPILATION_MODE = wholemodule;
				SWIFT_OPTIMIZATION_LEVEL = "-O";
				VALIDATE_PRODUCT = YES;
			};
			name = Release;
		};
		C95D437F2649A65B0002A469 /* Debug */ = {
			isa = XCBuildConfiguration;
			buildSettings = {
				ASSETCATALOG_COMPILER_APPICON_NAME = AppIcon;
				ASSETCATALOG_COMPILER_GLOBAL_ACCENT_COLOR_NAME = AccentColor;
				CODE_SIGN_STYLE = Automatic;
				DEVELOPMENT_TEAM = 2DXG6S775F;
				INFOPLIST_FILE = Calculator/Info.plist;
				LD_RUNPATH_SEARCH_PATHS = (
					"$(inherited)",
					"@executable_path/Frameworks",
				);
				PRODUCT_BUNDLE_IDENTIFIER = com.Belton.Calculator;
				PRODUCT_NAME = "$(TARGET_NAME)";
				SWIFT_VERSION = 5.0;
				TARGETED_DEVICE_FAMILY = "1,2";
			};
			name = Debug;
		};
		C95D43802649A65B0002A469 /* Release */ = {
			isa = XCBuildConfiguration;
			buildSettings = {
				ASSETCATALOG_COMPILER_APPICON_NAME = AppIcon;
				ASSETCATALOG_COMPILER_GLOBAL_ACCENT_COLOR_NAME = AccentColor;
				CODE_SIGN_STYLE = Automatic;
				DEVELOPMENT_TEAM = 2DXG6S775F;
				INFOPLIST_FILE = Calculator/Info.plist;
				LD_RUNPATH_SEARCH_PATHS = (
					"$(inherited)",
					"@executable_path/Frameworks",
				);
				PRODUCT_BUNDLE_IDENTIFIER = com.Belton.Calculator;
				PRODUCT_NAME = "$(TARGET_NAME)";
				SWIFT_VERSION = 5.0;
				TARGETED_DEVICE_FAMILY = "1,2";
			};
			name = Release;
		};
		C95D43822649A65B0002A469 /* Debug */ = {
			isa = XCBuildConfiguration;
			buildSettings = {
				ALWAYS_EMBED_SWIFT_STANDARD_LIBRARIES = YES;
				BUNDLE_LOADER = "$(TEST_HOST)";
				CODE_SIGN_STYLE = Automatic;
				DEVELOPMENT_TEAM = 2DXG6S775F;
				INFOPLIST_FILE = CalculatorTests/Info.plist;
				IPHONEOS_DEPLOYMENT_TARGET = 14.4;
				LD_RUNPATH_SEARCH_PATHS = (
					"$(inherited)",
					"@executable_path/Frameworks",
					"@loader_path/Frameworks",
				);
				PRODUCT_BUNDLE_IDENTIFIER = com.Belton.CalculatorTests;
				PRODUCT_NAME = "$(TARGET_NAME)";
				SWIFT_VERSION = 5.0;
				TARGETED_DEVICE_FAMILY = "1,2";
				TEST_HOST = "$(BUILT_PRODUCTS_DIR)/Calculator.app/Calculator";
			};
			name = Debug;
		};
		C95D43832649A65B0002A469 /* Release */ = {
			isa = XCBuildConfiguration;
			buildSettings = {
				ALWAYS_EMBED_SWIFT_STANDARD_LIBRARIES = YES;
				BUNDLE_LOADER = "$(TEST_HOST)";
				CODE_SIGN_STYLE = Automatic;
				DEVELOPMENT_TEAM = 2DXG6S775F;
				INFOPLIST_FILE = CalculatorTests/Info.plist;
				IPHONEOS_DEPLOYMENT_TARGET = 14.4;
				LD_RUNPATH_SEARCH_PATHS = (
					"$(inherited)",
					"@executable_path/Frameworks",
					"@loader_path/Frameworks",
				);
				PRODUCT_BUNDLE_IDENTIFIER = com.Belton.CalculatorTests;
				PRODUCT_NAME = "$(TARGET_NAME)";
				SWIFT_VERSION = 5.0;
				TARGETED_DEVICE_FAMILY = "1,2";
				TEST_HOST = "$(BUILT_PRODUCTS_DIR)/Calculator.app/Calculator";
			};
			name = Release;
		};
		C95D43852649A65B0002A469 /* Debug */ = {
			isa = XCBuildConfiguration;
			buildSettings = {
				ALWAYS_EMBED_SWIFT_STANDARD_LIBRARIES = YES;
				CODE_SIGN_STYLE = Automatic;
				DEVELOPMENT_TEAM = 2DXG6S775F;
				INFOPLIST_FILE = CalculatorUITests/Info.plist;
				LD_RUNPATH_SEARCH_PATHS = (
					"$(inherited)",
					"@executable_path/Frameworks",
					"@loader_path/Frameworks",
				);
				PRODUCT_BUNDLE_IDENTIFIER = com.Belton.CalculatorUITests;
				PRODUCT_NAME = "$(TARGET_NAME)";
				SWIFT_VERSION = 5.0;
				TARGETED_DEVICE_FAMILY = "1,2";
				TEST_TARGET_NAME = Calculator;
			};
			name = Debug;
		};
		C95D43862649A65B0002A469 /* Release */ = {
			isa = XCBuildConfiguration;
			buildSettings = {
				ALWAYS_EMBED_SWIFT_STANDARD_LIBRARIES = YES;
				CODE_SIGN_STYLE = Automatic;
				DEVELOPMENT_TEAM = 2DXG6S775F;
				INFOPLIST_FILE = CalculatorUITests/Info.plist;
				LD_RUNPATH_SEARCH_PATHS = (
					"$(inherited)",
					"@executable_path/Frameworks",
					"@loader_path/Frameworks",
				);
				PRODUCT_BUNDLE_IDENTIFIER = com.Belton.CalculatorUITests;
				PRODUCT_NAME = "$(TARGET_NAME)";
				SWIFT_VERSION = 5.0;
				TARGETED_DEVICE_FAMILY = "1,2";
				TEST_TARGET_NAME = Calculator;
			};
			name = Release;
		};
/* End XCBuildConfiguration section */

/* Begin XCConfigurationList section */
		C95D434F2649A6540002A469 /* Build configuration list for PBXProject "Calculator" */ = {
			isa = XCConfigurationList;
			buildConfigurations = (
				C95D437C2649A65B0002A469 /* Debug */,
				C95D437D2649A65B0002A469 /* Release */,
			);
			defaultConfigurationIsVisible = 0;
			defaultConfigurationName = Release;
		};
		C95D437E2649A65B0002A469 /* Build configuration list for PBXNativeTarget "Calculator" */ = {
			isa = XCConfigurationList;
			buildConfigurations = (
				C95D437F2649A65B0002A469 /* Debug */,
				C95D43802649A65B0002A469 /* Release */,
			);
			defaultConfigurationIsVisible = 0;
			defaultConfigurationName = Release;
		};
		C95D43812649A65B0002A469 /* Build configuration list for PBXNativeTarget "CalculatorTests" */ = {
			isa = XCConfigurationList;
			buildConfigurations = (
				C95D43822649A65B0002A469 /* Debug */,
				C95D43832649A65B0002A469 /* Release */,
			);
			defaultConfigurationIsVisible = 0;
			defaultConfigurationName = Release;
		};
		C95D43842649A65B0002A469 /* Build configuration list for PBXNativeTarget "CalculatorUITests" */ = {
			isa = XCConfigurationList;
			buildConfigurations = (
				C95D43852649A65B0002A469 /* Debug */,
				C95D43862649A65B0002A469 /* Release */,
			);
			defaultConfigurationIsVisible = 0;
			defaultConfigurationName = Release;
		};
/* End XCConfigurationList section */
	};
	rootObject = C95D434C2649A6540002A469 /* Project object */;
}
